
Microsoft Visual Studio Solution File, Format Version 12.00
# Visual Studio Version 17
VisualStudioVersion = 17.9.34616.47
MinimumVisualStudioVersion = 10.0.40219.1
Project("{9A19103F-16F7-4668-BE54-9A1E7A4F7556}") = "Learning", "Learning.csproj", "{67A5EB04-0E6E-4FAC-8529-E209BFC09C03}"
EndProject
Project("{FAE04EC0-301F-11D3-BF4B-00C04F79EFBC}") = "Chapter8FileOperation", "..\Chapter8FileOperation\Chapter8FileOperation.csproj", "{1440DEED-F046-417A-9752-D835FC04B449}"
EndProject
Project("{FAE04EC0-301F-11D3-BF4B-00C04F79EFBC}") = "ChapterNinthList", "..\ChapterNinthList\ChapterNinthList.csproj", "{7099676B-8845-4C1F-9348-998E48378D0C}"
EndProject
Global
	GlobalSection(SolutionConfigurationPlatforms) = preSolution
		Debug|Any CPU = Debug|Any CPU
		Release|Any CPU = Release|Any CPU
	EndGlobalSection
	GlobalSection(ProjectConfigurationPlatforms) = postSolution
		{67A5EB04-0E6E-4FAC-8529-E209BFC09C03}.Debug|Any CPU.ActiveCfg = Debug|Any CPU
		{67A5EB04-0E6E-4FAC-8529-E209BFC09C03}.Debug|Any CPU.Build.0 = Debug|Any CPU
		{67A5EB04-0E6E-4FAC-8529-E209BFC09C03}.Release|Any CPU.ActiveCfg = Release|Any CPU
		{67A5EB04-0E6E-4FAC-8529-E209BFC09C03}.Release|Any CPU.Build.0 = Release|Any CPU
		{1440DEED-F046-417A-9752-D835FC04B449}.Debug|Any CPU.ActiveCfg = Debug|Any CPU
		{1440DEED-F046-417A-9752-D835FC04B449}.Debug|Any CPU.Build.0 = Debug|Any CPU
		{1440DEED-F046-417A-9752-D835FC04B449}.Release|Any CPU.ActiveCfg = Release|Any CPU
		{1440DEED-F046-417A-9752-D835FC04B449}.Release|Any CPU.Build.0 = Release|Any CPU
		{7099676B-8845-4C1F-9348-998E48378D0C}.Debug|Any CPU.ActiveCfg = Debug|Any CPU
		{7099676B-8845-4C1F-9348-998E48378D0C}.Debug|Any CPU.Build.0 = Debug|Any CPU
		{7099676B-8845-4C1F-9348-998E48378D0C}.Release|Any CPU.ActiveCfg = Release|Any CPU
		{7099676B-8845-4C1F-9348-998E48378D0C}.Release|Any CPU.Build.0 = Release|Any CPU
	EndGlobalSection
	GlobalSection(SolutionProperties) = preSolution
		HideSolutionNode = FALSE
	EndGlobalSection
	GlobalSection(ExtensibilityGlobals) = postSolution
		SolutionGuid = {FDDC0582-70F9-4B07-BBF0-D1FB7F88B0AE}
	EndGlobalSection
EndGlobal
